
Microsoft Visual Studio Solution File, Format Version 12.00
# Visual Studio Version 17
VisualStudioVersion = 17.6.33829.357
MinimumVisualStudioVersion = 10.0.40219.1
Project("{FAE04EC0-301F-11D3-BF4B-00C04F79EFBC}") = "PigDiceGameDemo", "PigDiceGameDemo.csproj", "{50B57E5C-F9C5-4EC5-8ABB-4593990DBE02}"
EndProject
Global
	GlobalSection(SolutionConfigurationPlatforms) = preSolution
		Debug|Any CPU = Debug|Any CPU
		Release|Any CPU = Release|Any CPU
	EndGlobalSection
	GlobalSection(ProjectConfigurationPlatforms) = postSolution
		{50B57E5C-F9C5-4EC5-8ABB-4593990DBE02}.Debug|Any CPU.ActiveCfg = Debug|Any CPU
		{50B57E5C-F9C5-4EC5-8ABB-4593990DBE02}.Debug|Any CPU.Build.0 = Debug|Any CPU
		{50B57E5C-F9C5-4EC5-8ABB-4593990DBE02}.Release|Any CPU.ActiveCfg = Release|Any CPU
		{50B57E5C-F9C5-4EC5-8ABB-4593990DBE02}.Release|Any CPU.Build.0 = Release|Any CPU
	EndGlobalSection
	GlobalSection(SolutionProperties) = preSolution
		HideSolutionNode = FALSE
	EndGlobalSection
	GlobalSection(ExtensibilityGlobals) = postSolution
		SolutionGuid = {B1C26BF6-DDCA-4B33-BD39-E1575FB0BEC7}
	EndGlobalSection
EndGlobal
